
Microsoft Visual Studio Solution File, Format Version 12.00
# Visual Studio Version 16
VisualStudioVersion = 16.0.31624.102
MinimumVisualStudioVersion = 10.0.40219.1
Project("{9A19103F-16F7-4668-BE54-9A1E7A4F7556}") = "SmoothScreen", "SmoothScreen\SmoothScreen.csproj", "{B5C67750-DFBD-4DAD-A088-EABC4BA3BAD9}"
EndProject
Project("{9A19103F-16F7-4668-BE54-9A1E7A4F7556}") = "SmoothScreen.Test", "SmoothScreen.Test\SmoothScreen.Test.csproj", "{C7F08141-A9BE-459C-9DB5-6B7E02A86889}"
EndProject
Project("{2150E333-8FDC-42A3-9474-1A3956D46DE8}") = "Solution Items", "Solution Items", "{CDDD682B-639E-4B99-A619-7C139B5451A7}"
	ProjectSection(SolutionItems) = preProject
		.gitattributes = .gitattributes
		.gitignore = .gitignore
		ReadMe.md = ReadMe.md
	EndProjectSection
EndProject
Global
	GlobalSection(SolutionConfigurationPlatforms) = preSolution
		Debug|Any CPU = Debug|Any CPU
		Release|Any CPU = Release|Any CPU
	EndGlobalSection
	GlobalSection(ProjectConfigurationPlatforms) = postSolution
		{B5C67750-DFBD-4DAD-A088-EABC4BA3BAD9}.Debug|Any CPU.ActiveCfg = Debug|Any CPU
		{B5C67750-DFBD-4DAD-A088-EABC4BA3BAD9}.Debug|Any CPU.Build.0 = Debug|Any CPU
		{B5C67750-DFBD-4DAD-A088-EABC4BA3BAD9}.Release|Any CPU.ActiveCfg = Release|Any CPU
		{B5C67750-DFBD-4DAD-A088-EABC4BA3BAD9}.Release|Any CPU.Build.0 = Release|Any CPU
		{C7F08141-A9BE-459C-9DB5-6B7E02A86889}.Debug|Any CPU.ActiveCfg = Debug|Any CPU
		{C7F08141-A9BE-459C-9DB5-6B7E02A86889}.Debug|Any CPU.Build.0 = Debug|Any CPU
		{C7F08141-A9BE-459C-9DB5-6B7E02A86889}.Release|Any CPU.ActiveCfg = Release|Any CPU
	EndGlobalSection
	GlobalSection(SolutionProperties) = preSolution
		HideSolutionNode = FALSE
	EndGlobalSection
	GlobalSection(ExtensibilityGlobals) = postSolution
		SolutionGuid = {64B2C726-EC64-4187-835F-77719D6B5BD6}
	EndGlobalSection
EndGlobal
